// !$*UTF8*$!
{
	archiveVersion = 1;
	classes = {
	};
	objectVersion = 50;
	objects = {

/* Begin PBXBuildFile section */
		F13AAF1820BF934900ABBDD1 /* myCell2.swift in Sources */ = {isa = PBXBuildFile; fileRef = F13AAF1720BF934900ABBDD1 /* myCell2.swift */; };
		F147BF7C20C53BC30026B505 /* 8.png in Resources */ = {isa = PBXBuildFile; fileRef = F147BF6D20C53BC30026B505 /* 8.png */; };
		F147BF7D20C53BC30026B505 /* 9.png in Resources */ = {isa = PBXBuildFile; fileRef = F147BF6E20C53BC30026B505 /* 9.png */; };
		F147BF7E20C53BC30026B505 /* 14.png in Resources */ = {isa = PBXBuildFile; fileRef = F147BF6F20C53BC30026B505 /* 14.png */; };
		F147BF7F20C53BC30026B505 /* 15.png in Resources */ = {isa = PBXBuildFile; fileRef = F147BF7020C53BC30026B505 /* 15.png */; };
		F147BF8020C53BC30026B505 /* 12.png in Resources */ = {isa = PBXBuildFile; fileRef = F147BF7120C53BC30026B505 /* 12.png */; };
		F147BF8120C53BC30026B505 /* 13.png in Resources */ = {isa = PBXBuildFile; fileRef = F147BF7220C53BC30026B505 /* 13.png */; };
		F147BF8220C53BC30026B505 /* 11.png in Resources */ = {isa = PBXBuildFile; fileRef = F147BF7320C53BC30026B505 /* 11.png */; };
		F147BF8320C53BC30026B505 /* 10.png in Resources */ = {isa = PBXBuildFile; fileRef = F147BF7420C53BC30026B505 /* 10.png */; };
		F147BF8420C53BC30026B505 /* 4.png in Resources */ = {isa = PBXBuildFile; fileRef = F147BF7520C53BC30026B505 /* 4.png */; };
		F147BF8520C53BC30026B505 /* 5.png in Resources */ = {isa = PBXBuildFile; fileRef = F147BF7620C53BC30026B505 /* 5.png */; };
		F147BF8620C53BC30026B505 /* 7.png in Resources */ = {isa = PBXBuildFile; fileRef = F147BF7720C53BC30026B505 /* 7.png */; };
		F147BF8720C53BC30026B505 /* 6.png in Resources */ = {isa = PBXBuildFile; fileRef = F147BF7820C53BC30026B505 /* 6.png */; };
		F147BF8820C53BC30026B505 /* 2.png in Resources */ = {isa = PBXBuildFile; fileRef = F147BF7920C53BC30026B505 /* 2.png */; };
		F147BF8920C53BC30026B505 /* 3.png in Resources */ = {isa = PBXBuildFile; fileRef = F147BF7A20C53BC30026B505 /* 3.png */; };
		F147BF8A20C53BC30026B505 /* 1.png in Resources */ = {isa = PBXBuildFile; fileRef = F147BF7B20C53BC30026B505 /* 1.png */; };
		F15A35C520B3C8670022123B /* DetailViewController.swift in Sources */ = {isa = PBXBuildFile; fileRef = F15A35C420B3C8670022123B /* DetailViewController.swift */; };
		F1846E7E20B19636002BA8E1 /* UploadImages.swift in Sources */ = {isa = PBXBuildFile; fileRef = F1846E7D20B19636002BA8E1 /* UploadImages.swift */; };
		F1846E8020B1BCA0002BA8E1 /* AddMemo.swift in Sources */ = {isa = PBXBuildFile; fileRef = F1846E7F20B1BCA0002BA8E1 /* AddMemo.swift */; };
		F189AF7920D8D52800CE26C5 /* LoadingImageViewViewController.swift in Sources */ = {isa = PBXBuildFile; fileRef = F189AF7820D8D52800CE26C5 /* LoadingImageViewViewController.swift */; };
		F189AF7B20D8D58B00CE26C5 /* newproject_2_original.png in Resources */ = {isa = PBXBuildFile; fileRef = F189AF7A20D8D58B00CE26C5 /* newproject_2_original.png */; };
		F1934D8920AD907400538E4B /* ManuallySelect.swift in Sources */ = {isa = PBXBuildFile; fileRef = F1934D8820AD907400538E4B /* ManuallySelect.swift */; };
		F1934D8B20AD917000538E4B /* CameraModeInit.swift in Sources */ = {isa = PBXBuildFile; fileRef = F1934D8A20AD917000538E4B /* CameraModeInit.swift */; };
		F1934D8F20ADA93D00538E4B /* myCell.swift in Sources */ = {isa = PBXBuildFile; fileRef = F1934D8E20ADA93D00538E4B /* myCell.swift */; };
		F1FA5C4720AD6972003F8CC5 /* AppDelegate.swift in Sources */ = {isa = PBXBuildFile; fileRef = F1FA5C4620AD6972003F8CC5 /* AppDelegate.swift */; };
		F1FA5C4920AD6972003F8CC5 /* ViewController.swift in Sources */ = {isa = PBXBuildFile; fileRef = F1FA5C4820AD6972003F8CC5 /* ViewController.swift */; };
		F1FA5C4C20AD6972003F8CC5 /* Main.storyboard in Resources */ = {isa = PBXBuildFile; fileRef = F1FA5C4A20AD6972003F8CC5 /* Main.storyboard */; };
		F1FA5C4E20AD6974003F8CC5 /* Assets.xcassets in Resources */ = {isa = PBXBuildFile; fileRef = F1FA5C4D20AD6974003F8CC5 /* Assets.xcassets */; };
		F1FA5C5120AD6974003F8CC5 /* LaunchScreen.storyboard in Resources */ = {isa = PBXBuildFile; fileRef = F1FA5C4F20AD6974003F8CC5 /* LaunchScreen.storyboard */; };
		F1FB647220E0B8DE0079701D /* wash.mlmodel in Sources */ = {isa = PBXBuildFile; fileRef = F1FB647120E0B8DE0079701D /* wash.mlmodel */; };
		F1FB647A20E0CAAA0079701D /* cell3.swift in Sources */ = {isa = PBXBuildFile; fileRef = F1FB647920E0CAAA0079701D /* cell3.swift */; };
		F1FB647C20E0CC2B0079701D /* ResultViewController.swift in Sources */ = {isa = PBXBuildFile; fileRef = F1FB647B20E0CC2B0079701D /* ResultViewController.swift */; };
/* End PBXBuildFile section */

/* Begin PBXFileReference section */
		F13AAF1720BF934900ABBDD1 /* myCell2.swift */ = {isa = PBXFileReference; lastKnownFileType = sourcecode.swift; path = myCell2.swift; sourceTree = "<group>"; };
		F147BF6D20C53BC30026B505 /* 8.png */ = {isa = PBXFileReference; lastKnownFileType = image.png; path = 8.png; sourceTree = "<group>"; };
		F147BF6E20C53BC30026B505 /* 9.png */ = {isa = PBXFileReference; lastKnownFileType = image.png; path = 9.png; sourceTree = "<group>"; };
		F147BF6F20C53BC30026B505 /* 14.png */ = {isa = PBXFileReference; lastKnownFileType = image.png; path = 14.png; sourceTree = "<group>"; };
		F147BF7020C53BC30026B505 /* 15.png */ = {isa = PBXFileReference; lastKnownFileType = image.png; path = 15.png; sourceTree = "<group>"; };
		F147BF7120C53BC30026B505 /* 12.png */ = {isa = PBXFileReference; lastKnownFileType = image.png; path = 12.png; sourceTree = "<group>"; };
		F147BF7220C53BC30026B505 /* 13.png */ = {isa = PBXFileReference; lastKnownFileType = image.png; path = 13.png; sourceTree = "<group>"; };
		F147BF7320C53BC30026B505 /* 11.png */ = {isa = PBXFileReference; lastKnownFileType = image.png; path = 11.png; sourceTree = "<group>"; };
		F147BF7420C53BC30026B505 /* 10.png */ = {isa = PBXFileReference; lastKnownFileType = image.png; path = 10.png; sourceTree = "<group>"; };
		F147BF7520C53BC30026B505 /* 4.png */ = {isa = PBXFileReference; lastKnownFileType = image.png; path = 4.png; sourceTree = "<group>"; };
		F147BF7620C53BC30026B505 /* 5.png */ = {isa = PBXFileReference; lastKnownFileType = image.png; path = 5.png; sourceTree = "<group>"; };
		F147BF7720C53BC30026B505 /* 7.png */ = {isa = PBXFileReference; lastKnownFileType = image.png; path = 7.png; sourceTree = "<group>"; };
		F147BF7820C53BC30026B505 /* 6.png */ = {isa = PBXFileReference; lastKnownFileType = image.png; path = 6.png; sourceTree = "<group>"; };
		F147BF7920C53BC30026B505 /* 2.png */ = {isa = PBXFileReference; lastKnownFileType = image.png; path = 2.png; sourceTree = "<group>"; };
		F147BF7A20C53BC30026B505 /* 3.png */ = {isa = PBXFileReference; lastKnownFileType = image.png; path = 3.png; sourceTree = "<group>"; };
		F147BF7B20C53BC30026B505 /* 1.png */ = {isa = PBXFileReference; lastKnownFileType = image.png; path = 1.png; sourceTree = "<group>"; };
		F15A35C420B3C8670022123B /* DetailViewController.swift */ = {isa = PBXFileReference; lastKnownFileType = sourcecode.swift; path = DetailViewController.swift; sourceTree = "<group>"; };
		F1846E7D20B19636002BA8E1 /* UploadImages.swift */ = {isa = PBXFileReference; lastKnownFileType = sourcecode.swift; path = UploadImages.swift; sourceTree = "<group>"; };
		F1846E7F20B1BCA0002BA8E1 /* AddMemo.swift */ = {isa = PBXFileReference; lastKnownFileType = sourcecode.swift; path = AddMemo.swift; sourceTree = "<group>"; };
		F189AF7820D8D52800CE26C5 /* LoadingImageViewViewController.swift */ = {isa = PBXFileReference; lastKnownFileType = sourcecode.swift; path = LoadingImageViewViewController.swift; sourceTree = "<group>"; };
		F189AF7A20D8D58B00CE26C5 /* newproject_2_original.png */ = {isa = PBXFileReference; lastKnownFileType = image.png; path = newproject_2_original.png; sourceTree = "<group>"; };
		F1934D8820AD907400538E4B /* ManuallySelect.swift */ = {isa = PBXFileReference; lastKnownFileType = sourcecode.swift; path = ManuallySelect.swift; sourceTree = "<group>"; };
		F1934D8A20AD917000538E4B /* CameraModeInit.swift */ = {isa = PBXFileReference; lastKnownFileType = sourcecode.swift; path = CameraModeInit.swift; sourceTree = "<group>"; };
		F1934D8E20ADA93D00538E4B /* myCell.swift */ = {isa = PBXFileReference; lastKnownFileType = sourcecode.swift; path = myCell.swift; sourceTree = "<group>"; };
		F1FA5C4320AD6972003F8CC5 /* psps.app */ = {isa = PBXFileReference; explicitFileType = wrapper.application; includeInIndex = 0; path = psps.app; sourceTree = BUILT_PRODUCTS_DIR; };
		F1FA5C4620AD6972003F8CC5 /* AppDelegate.swift */ = {isa = PBXFileReference; lastKnownFileType = sourcecode.swift; path = AppDelegate.swift; sourceTree = "<group>"; };
		F1FA5C4820AD6972003F8CC5 /* ViewController.swift */ = {isa = PBXFileReference; lastKnownFileType = sourcecode.swift; path = ViewController.swift; sourceTree = "<group>"; };
		F1FA5C4B20AD6972003F8CC5 /* Base */ = {isa = PBXFileReference; lastKnownFileType = file.storyboard; name = Base; path = Base.lproj/Main.storyboard; sourceTree = "<group>"; };
		F1FA5C4D20AD6974003F8CC5 /* Assets.xcassets */ = {isa = PBXFileReference; lastKnownFileType = folder.assetcatalog; path = Assets.xcassets; sourceTree = "<group>"; };
		F1FA5C5020AD6974003F8CC5 /* Base */ = {isa = PBXFileReference; lastKnownFileType = file.storyboard; name = Base; path = Base.lproj/LaunchScreen.storyboard; sourceTree = "<group>"; };
		F1FA5C5220AD6974003F8CC5 /* Info.plist */ = {isa = PBXFileReference; lastKnownFileType = text.plist.xml; path = Info.plist; sourceTree = "<group>"; };
		F1FB647120E0B8DE0079701D /* wash.mlmodel */ = {isa = PBXFileReference; lastKnownFileType = file.mlmodel; path = wash.mlmodel; sourceTree = "<group>"; };
		F1FB647920E0CAAA0079701D /* cell3.swift */ = {isa = PBXFileReference; lastKnownFileType = sourcecode.swift; path = cell3.swift; sourceTree = "<group>"; };
		F1FB647B20E0CC2B0079701D /* ResultViewController.swift */ = {isa = PBXFileReference; lastKnownFileType = sourcecode.swift; path = ResultViewController.swift; sourceTree = "<group>"; };
/* End PBXFileReference section */

/* Begin PBXFrameworksBuildPhase section */
		F1FA5C4020AD6972003F8CC5 /* Frameworks */ = {
			isa = PBXFrameworksBuildPhase;
			buildActionMask = 2147483647;
			files = (
			);
			runOnlyForDeploymentPostprocessing = 0;
		};
/* End PBXFrameworksBuildPhase section */

/* Begin PBXGroup section */
		F147BF6C20C53BC30026B505 /* LabelList */ = {
			isa = PBXGroup;
			children = (
				F147BF6D20C53BC30026B505 /* 8.png */,
				F147BF6E20C53BC30026B505 /* 9.png */,
				F147BF6F20C53BC30026B505 /* 14.png */,
				F147BF7020C53BC30026B505 /* 15.png */,
				F147BF7120C53BC30026B505 /* 12.png */,
				F147BF7220C53BC30026B505 /* 13.png */,
				F147BF7320C53BC30026B505 /* 11.png */,
				F147BF7420C53BC30026B505 /* 10.png */,
				F147BF7520C53BC30026B505 /* 4.png */,
				F147BF7620C53BC30026B505 /* 5.png */,
				F147BF7720C53BC30026B505 /* 7.png */,
				F147BF7820C53BC30026B505 /* 6.png */,
				F147BF7920C53BC30026B505 /* 2.png */,
				F147BF7A20C53BC30026B505 /* 3.png */,
				F147BF7B20C53BC30026B505 /* 1.png */,
			);
			name = LabelList;
			path = psps/LabelList;
			sourceTree = "<group>";
		};
		F1FA5C3A20AD6972003F8CC5 = {
			isa = PBXGroup;
			children = (
				F189AF7A20D8D58B00CE26C5 /* newproject_2_original.png */,
				F147BF6C20C53BC30026B505 /* LabelList */,
				F1FA5C4520AD6972003F8CC5 /* psps */,
				F1FA5C4420AD6972003F8CC5 /* Products */,
			);
			sourceTree = "<group>";
		};
		F1FA5C4420AD6972003F8CC5 /* Products */ = {
			isa = PBXGroup;
			children = (
				F1FA5C4320AD6972003F8CC5 /* psps.app */,
			);
			name = Products;
			sourceTree = "<group>";
		};
		F1FA5C4520AD6972003F8CC5 /* psps */ = {
			isa = PBXGroup;
			children = (
				F1FB647120E0B8DE0079701D /* wash.mlmodel */,
				F1FA5C4620AD6972003F8CC5 /* AppDelegate.swift */,
				F1FA5C4A20AD6972003F8CC5 /* Main.storyboard */,
				F189AF7820D8D52800CE26C5 /* LoadingImageViewViewController.swift */,
				F1934D8E20ADA93D00538E4B /* myCell.swift */,
				F13AAF1720BF934900ABBDD1 /* myCell2.swift */,
				F1FB647920E0CAAA0079701D /* cell3.swift */,
				F1FA5C4820AD6972003F8CC5 /* ViewController.swift */,
				F1934D8820AD907400538E4B /* ManuallySelect.swift */,
				F15A35C420B3C8670022123B /* DetailViewController.swift */,
				F1934D8A20AD917000538E4B /* CameraModeInit.swift */,
				F1846E7F20B1BCA0002BA8E1 /* AddMemo.swift */,
				F1846E7D20B19636002BA8E1 /* UploadImages.swift */,
				F1FB647B20E0CC2B0079701D /* ResultViewController.swift */,
				F1FA5C4D20AD6974003F8CC5 /* Assets.xcassets */,
				F1FA5C4F20AD6974003F8CC5 /* LaunchScreen.storyboard */,
				F1FA5C5220AD6974003F8CC5 /* Info.plist */,
			);
			path = psps;
			sourceTree = "<group>";
		};
/* End PBXGroup section */

/* Begin PBXNativeTarget section */
		F1FA5C4220AD6972003F8CC5 /* psps */ = {
			isa = PBXNativeTarget;
			buildConfigurationList = F1FA5C5520AD6974003F8CC5 /* Build configuration list for PBXNativeTarget "psps" */;
			buildPhases = (
				F1FA5C3F20AD6972003F8CC5 /* Sources */,
				F1FA5C4020AD6972003F8CC5 /* Frameworks */,
				F1FA5C4120AD6972003F8CC5 /* Resources */,
			);
			buildRules = (
			);
			dependencies = (
			);
			name = psps;
			productName = psps;
			productReference = F1FA5C4320AD6972003F8CC5 /* psps.app */;
			productType = "com.apple.product-type.application";
		};
/* End PBXNativeTarget section */

/* Begin PBXProject section */
		F1FA5C3B20AD6972003F8CC5 /* Project object */ = {
			isa = PBXProject;
			attributes = {
				LastSwiftUpdateCheck = 0930;
				LastUpgradeCheck = 0930;
				ORGANIZATIONNAME = capstone2;
				TargetAttributes = {
					F1FA5C4220AD6972003F8CC5 = {
						CreatedOnToolsVersion = 9.3;
					};
				};
			};
			buildConfigurationList = F1FA5C3E20AD6972003F8CC5 /* Build configuration list for PBXProject "psps" */;
			compatibilityVersion = "Xcode 9.3";
			developmentRegion = en;
			hasScannedForEncodings = 0;
			knownRegions = (
				en,
				Base,
			);
			mainGroup = F1FA5C3A20AD6972003F8CC5;
			productRefGroup = F1FA5C4420AD6972003F8CC5 /* Products */;
			projectDirPath = "";
			projectRoot = "";
			targets = (
				F1FA5C4220AD6972003F8CC5 /* psps */,
			);
		};
/* End PBXProject section */

/* Begin PBXResourcesBuildPhase section */
		F1FA5C4120AD6972003F8CC5 /* Resources */ = {
			isa = PBXResourcesBuildPhase;
			buildActionMask = 2147483647;
			files = (
				F147BF8420C53BC30026B505 /* 4.png in Resources */,
				F147BF7F20C53BC30026B505 /* 15.png in Resources */,
				F147BF7C20C53BC30026B505 /* 8.png in Resources */,
				F147BF8920C53BC30026B505 /* 3.png in Resources */,
				F147BF8620C53BC30026B505 /* 7.png in Resources */,
				F147BF8120C53BC30026B505 /* 13.png in Resources */,
				F147BF8320C53BC30026B505 /* 10.png in Resources */,
				F1FA5C5120AD6974003F8CC5 /* LaunchScreen.storyboard in Resources */,
				F1FA5C4E20AD6974003F8CC5 /* Assets.xcassets in Resources */,
				F147BF8A20C53BC30026B505 /* 1.png in Resources */,
				F147BF8220C53BC30026B505 /* 11.png in Resources */,
				F147BF8720C53BC30026B505 /* 6.png in Resources */,
				F147BF8820C53BC30026B505 /* 2.png in Resources */,
				F147BF8020C53BC30026B505 /* 12.png in Resources */,
				F147BF7D20C53BC30026B505 /* 9.png in Resources */,
				F147BF7E20C53BC30026B505 /* 14.png in Resources */,
				F189AF7B20D8D58B00CE26C5 /* newproject_2_original.png in Resources */,
				F147BF8520C53BC30026B505 /* 5.png in Resources */,
				F1FA5C4C20AD6972003F8CC5 /* Main.storyboard in Resources */,
			);
			runOnlyForDeploymentPostprocessing = 0;
		};
/* End PBXResourcesBuildPhase section */

/* Begin PBXSourcesBuildPhase section */
		F1FA5C3F20AD6972003F8CC5 /* Sources */ = {
			isa = PBXSourcesBuildPhase;
			buildActionMask = 2147483647;
			files = (
				F1FB647C20E0CC2B0079701D /* ResultViewController.swift in Sources */,
				F189AF7920D8D52800CE26C5 /* LoadingImageViewViewController.swift in Sources */,
				F1FB647A20E0CAAA0079701D /* cell3.swift in Sources */,
				F1FA5C4920AD6972003F8CC5 /* ViewController.swift in Sources */,
				F1934D8B20AD917000538E4B /* CameraModeInit.swift in Sources */,
				F1934D8F20ADA93D00538E4B /* myCell.swift in Sources */,
				F1934D8920AD907400538E4B /* ManuallySelect.swift in Sources */,
				F13AAF1820BF934900ABBDD1 /* myCell2.swift in Sources */,
				F1846E7E20B19636002BA8E1 /* UploadImages.swift in Sources */,
				F1FB647220E0B8DE0079701D /* wash.mlmodel in Sources */,
				F1846E8020B1BCA0002BA8E1 /* AddMemo.swift in Sources */,
				F1FA5C4720AD6972003F8CC5 /* AppDelegate.swift in Sources */,
				F15A35C520B3C8670022123B /* DetailViewController.swift in Sources */,
			);
			runOnlyForDeploymentPostprocessing = 0;
		};
/* End PBXSourcesBuildPhase section */

/* Begin PBXVariantGroup section */
		F1FA5C4A20AD6972003F8CC5 /* Main.storyboard */ = {
			isa = PBXVariantGroup;
			children = (
				F1FA5C4B20AD6972003F8CC5 /* Base */,
			);
			name = Main.storyboard;
			sourceTree = "<group>";
		};
		F1FA5C4F20AD6974003F8CC5 /* LaunchScreen.storyboard */ = {
			isa = PBXVariantGroup;
			children = (
				F1FA5C5020AD6974003F8CC5 /* Base */,
			);
			name = LaunchScreen.storyboard;
			sourceTree = "<group>";
		};
/* End PBXVariantGroup section */

/* Begin XCBuildConfiguration section */
		F1FA5C5320AD6974003F8CC5 /* Debug */ = {
			isa = XCBuildConfiguration;
			buildSettings = {
				ALWAYS_SEARCH_USER_PATHS = NO;
				CLANG_ANALYZER_NONNULL = YES;
				CLANG_ANALYZER_NUMBER_OBJECT_CONVERSION = YES_AGGRESSIVE;
				CLANG_CXX_LANGUAGE_STANDARD = "gnu++14";
				CLANG_CXX_LIBRARY = "libc++";
				CLANG_ENABLE_MODULES = YES;
				CLANG_ENABLE_OBJC_ARC = YES;
				CLANG_ENABLE_OBJC_WEAK = YES;
				CLANG_WARN_BLOCK_CAPTURE_AUTORELEASING = YES;
				CLANG_WARN_BOOL_CONVERSION = YES;
				CLANG_WARN_COMMA = YES;
				CLANG_WARN_CONSTANT_CONVERSION = YES;
				CLANG_WARN_DEPRECATED_OBJC_IMPLEMENTATIONS = YES;
				CLANG_WARN_DIRECT_OBJC_ISA_USAGE = YES_ERROR;
				CLANG_WARN_DOCUMENTATION_COMMENTS = YES;
				CLANG_WARN_EMPTY_BODY = YES;
				CLANG_WARN_ENUM_CONVERSION = YES;
				CLANG_WARN_INFINITE_RECURSION = YES;
				CLANG_WARN_INT_CONVERSION = YES;
				CLANG_WARN_NON_LITERAL_NULL_CONVERSION = YES;
				CLANG_WARN_OBJC_IMPLICIT_RETAIN_SELF = YES;
				CLANG_WARN_OBJC_LITERAL_CONVERSION = YES;
				CLANG_WARN_OBJC_ROOT_CLASS = YES_ERROR;
				CLANG_WARN_RANGE_LOOP_ANALYSIS = YES;
				CLANG_WARN_STRICT_PROTOTYPES = YES;
				CLANG_WARN_SUSPICIOUS_MOVE = YES;
				CLANG_WARN_UNGUARDED_AVAILABILITY = YES_AGGRESSIVE;
				CLANG_WARN_UNREACHABLE_CODE = YES;
				CLANG_WARN__DUPLICATE_METHOD_MATCH = YES;
				CODE_SIGN_IDENTITY = "iPhone Developer";
				COPY_PHASE_STRIP = NO;
				DEBUG_INFORMATION_FORMAT = dwarf;
				ENABLE_STRICT_OBJC_MSGSEND = YES;
				ENABLE_TESTABILITY = YES;
				GCC_C_LANGUAGE_STANDARD = gnu11;
				GCC_DYNAMIC_NO_PIC = NO;
				GCC_NO_COMMON_BLOCKS = YES;
				GCC_OPTIMIZATION_LEVEL = 0;
				GCC_PREPROCESSOR_DEFINITIONS = (
					"DEBUG=1",
					"$(inherited)",
				);
				GCC_WARN_64_TO_32_BIT_CONVERSION = YES;
				GCC_WARN_ABOUT_RETURN_TYPE = YES_ERROR;
				GCC_WARN_UNDECLARED_SELECTOR = YES;
				GCC_WARN_UNINITIALIZED_AUTOS = YES_AGGRESSIVE;
				GCC_WARN_UNUSED_FUNCTION = YES;
				GCC_WARN_UNUSED_VARIABLE = YES;
				IPHONEOS_DEPLOYMENT_TARGET = 11.3;
				MTL_ENABLE_DEBUG_INFO = YES;
				ONLY_ACTIVE_ARCH = YES;
				SDKROOT = iphoneos;
				SWIFT_ACTIVE_COMPILATION_CONDITIONS = DEBUG;
				SWIFT_OPTIMIZATION_LEVEL = "-Onone";
			};
			name = Debug;
		};
		F1FA5C5420AD6974003F8CC5 /* Release */ = {
			isa = XCBuildConfiguration;
			buildSettings = {
				ALWAYS_SEARCH_USER_PATHS = NO;
				CLANG_ANALYZER_NONNULL = YES;
				CLANG_ANALYZER_NUMBER_OBJECT_CONVERSION = YES_AGGRESSIVE;
				CLANG_CXX_LANGUAGE_STANDARD = "gnu++14";
				CLANG_CXX_LIBRARY = "libc++";
				CLANG_ENABLE_MODULES = YES;
				CLANG_ENABLE_OBJC_ARC = YES;
				CLANG_ENABLE_OBJC_WEAK = YES;
				CLANG_WARN_BLOCK_CAPTURE_AUTORELEASING = YES;
				CLANG_WARN_BOOL_CONVERSION = YES;
				CLANG_WARN_COMMA = YES;
				CLANG_WARN_CONSTANT_CONVERSION = YES;
				CLANG_WARN_DEPRECATED_OBJC_IMPLEMENTATIONS = YES;
				CLANG_WARN_DIRECT_OBJC_ISA_USAGE = YES_ERROR;
				CLANG_WARN_DOCUMENTATION_COMMENTS = YES;
				CLANG_WARN_EMPTY_BODY = YES;
				CLANG_WARN_ENUM_CONVERSION = YES;
				CLANG_WARN_INFINITE_RECURSION = YES;
				CLANG_WARN_INT_CONVERSION = YES;
				CLANG_WARN_NON_LITERAL_NULL_CONVERSION = YES;
				CLANG_WARN_OBJC_IMPLICIT_RETAIN_SELF = YES;
				CLANG_WARN_OBJC_LITERAL_CONVERSION = YES;
				CLANG_WARN_OBJC_ROOT_CLASS = YES_ERROR;
				CLANG_WARN_RANGE_LOOP_ANALYSIS = YES;
				CLANG_WARN_STRICT_PROTOTYPES = YES;
				CLANG_WARN_SUSPICIOUS_MOVE = YES;
				CLANG_WARN_UNGUARDED_AVAILABILITY = YES_AGGRESSIVE;
				CLANG_WARN_UNREACHABLE_CODE = YES;
				CLANG_WARN__DUPLICATE_METHOD_MATCH = YES;
				CODE_SIGN_IDENTITY = "iPhone Developer";
				COPY_PHASE_STRIP = NO;
				DEBUG_INFORMATION_FORMAT = "dwarf-with-dsym";
				ENABLE_NS_ASSERTIONS = NO;
				ENABLE_STRICT_OBJC_MSGSEND = YES;
				GCC_C_LANGUAGE_STANDARD = gnu11;
				GCC_NO_COMMON_BLOCKS = YES;
				GCC_WARN_64_TO_32_BIT_CONVERSION = YES;
				GCC_WARN_ABOUT_RETURN_TYPE = YES_ERROR;
				GCC_WARN_UNDECLARED_SELECTOR = YES;
				GCC_WARN_UNINITIALIZED_AUTOS = YES_AGGRESSIVE;
				GCC_WARN_UNUSED_FUNCTION = YES;
				GCC_WARN_UNUSED_VARIABLE = YES;
				IPHONEOS_DEPLOYMENT_TARGET = 11.3;
				MTL_ENABLE_DEBUG_INFO = NO;
				SDKROOT = iphoneos;
				SWIFT_COMPILATION_MODE = wholemodule;
				SWIFT_OPTIMIZATION_LEVEL = "-O";
				VALIDATE_PRODUCT = YES;
			};
			name = Release;
		};
		F1FA5C5620AD6974003F8CC5 /* Debug */ = {
			isa = XCBuildConfiguration;
			buildSettings = {
				ASSETCATALOG_COMPILER_APPICON_NAME = AppIcon;
				CODE_SIGN_STYLE = Automatic;
				DEVELOPMENT_TEAM = 3Y3Z2Z567H;
				INFOPLIST_FILE = psps/Info.plist;
				IPHONEOS_DEPLOYMENT_TARGET = 11.4;
				LD_RUNPATH_SEARCH_PATHS = (
					"$(inherited)",
					"@executable_path/Frameworks",
				);
				PRODUCT_BUNDLE_IDENTIFIER = kr.ac.sogang.20141527.cp2.psps;
				PRODUCT_NAME = "$(TARGET_NAME)";
				SWIFT_VERSION = 4.0;
				TARGETED_DEVICE_FAMILY = 1;
			};
			name = Debug;
		};
		F1FA5C5720AD6974003F8CC5 /* Release */ = {
			isa = XCBuildConfiguration;
			buildSettings = {
				ASSETCATALOG_COMPILER_APPICON_NAME = AppIcon;
				CODE_SIGN_STYLE = Automatic;
				DEVELOPMENT_TEAM = 3Y3Z2Z567H;
				INFOPLIST_FILE = psps/Info.plist;
				IPHONEOS_DEPLOYMENT_TARGET = 11.4;
				LD_RUNPATH_SEARCH_PATHS = (
					"$(inherited)",
					"@executable_path/Frameworks",
				);
				PRODUCT_BUNDLE_IDENTIFIER = kr.ac.sogang.20141527.cp2.psps;
				PRODUCT_NAME = "$(TARGET_NAME)";
				SWIFT_VERSION = 4.0;
				TARGETED_DEVICE_FAMILY = 1;
			};
			name = Release;
		};
/* End XCBuildConfiguration section */

/* Begin XCConfigurationList section */
		F1FA5C3E20AD6972003F8CC5 /* Build configuration list for PBXProject "psps" */ = {
			isa = XCConfigurationList;
			buildConfigurations = (
				F1FA5C5320AD6974003F8CC5 /* Debug */,
				F1FA5C5420AD6974003F8CC5 /* Release */,
			);
			defaultConfigurationIsVisible = 0;
			defaultConfigurationName = Release;
		};
		F1FA5C5520AD6974003F8CC5 /* Build configuration list for PBXNativeTarget "psps" */ = {
			isa = XCConfigurationList;
			buildConfigurations = (
				F1FA5C5620AD6974003F8CC5 /* Debug */,
				F1FA5C5720AD6974003F8CC5 /* Release */,
			);
			defaultConfigurationIsVisible = 0;
			defaultConfigurationName = Release;
		};
/* End XCConfigurationList section */
	};
	rootObject = F1FA5C3B20AD6972003F8CC5 /* Project object */;
}
